# This file is generated by running "yarn install" inside your project.
# Manual changes might be lost - proceed with caution!

__metadata:
  version: 4
  cacheKey: 7

"lodash@npm:^4.17.20":
  version: 4.17.20
  resolution: "lodash@npm:4.17.20"
  checksum: c62101d2500c383b5f174a7e9e6fe8098149ddd6e9ccfa85f36d4789446195f5c4afd3cfba433026bcaf3da271256566b04a2bf2618e5a39f6e67f8c12030cb6
  languageName: node
  linkType: hard

"ts@workspace:.":
  version: 0.0.0-use.local
  resolution: "ts@workspace:."
  dependencies:
    lodash: ^4.17.20
    typescript: ^4.1.3
  languageName: unknown
  linkType: soft

typescript@^4.1.3:
  version: 4.1.3
  resolution: "typescript@npm:4.1.3"
  bin:
    tsc: bin/tsc
    tsserver: bin/tsserver
  checksum: 4f7ab1506ea22c7a1c313ec5b4285e93ce08d709ad6086d02d3096adb399ca339972ee56d1e578213c51dd0fb7b0fad50283c2d3c39642405644458ae29774f8
  languageName: node
  linkType: hard

"typescript@patch:typescript@^4.1.3#builtin<compat/typescript>":
  version: 4.1.3
  resolution: "typescript@patch:typescript@npm%3A4.1.3#builtin<compat/typescript>::version=4.1.3&hash=cc6730"
  bin:
    tsc: bin/tsc
    tsserver: bin/tsserver
  checksum: 017af992148346e671d5b83b041773825888e9c94db8d2b9472cdbb6d6f0ee85927817473121524d319f8be6ffe5a6904d27ff6ef21356d2274fcadd52e17938
  languageName: node
  linkType: hard
